
Microsoft Visual Studio Solution File, Format Version 12.00
Project("{FAE04EC0-301F-11D3-BF4B-00C04F79EFBC}") = "Core", "Core.csproj", "{971F2E23-8A19-4BD8-B046-B6A72BBEC200}"
EndProject
Global
	GlobalSection(SolutionConfigurationPlatforms) = preSolution
		Debug|Any CPU = Debug|Any CPU
		Release|Any CPU = Release|Any CPU
	EndGlobalSection
	GlobalSection(ProjectConfigurationPlatforms) = postSolution
		{971F2E23-8A19-4BD8-B046-B6A72BBEC200}.Debug|Any CPU.ActiveCfg = Debug|Any CPU
		{971F2E23-8A19-4BD8-B046-B6A72BBEC200}.Debug|Any CPU.Build.0 = Debug|Any CPU
		{971F2E23-8A19-4BD8-B046-B6A72BBEC200}.Release|Any CPU.ActiveCfg = Release|Any CPU
		{971F2E23-8A19-4BD8-B046-B6A72BBEC200}.Release|Any CPU.Build.0 = Release|Any CPU
	EndGlobalSection
EndGlobal
